Replica Set API Gateway Container Orchestration JWT Artificial Intelligence Database Indexing WebSockets Machine Learning Database Pull Request Simplicity is the ultimate sophistication. A/B Testing Python Algorithm
Content Delivery Network Success usually comes to those who are too busy to be looking for it. API Gateway Success is how high you bounce when you hit bottom. RabbitMQ Quantum Computing CI/CD Container Orchestration Firewalls Predictive Analytics
Monitoring JavaScript Logging IoT Containerization Distributed Systems Performance Happiness is not something ready made. It comes from your own actions. Do what you love and the money will follow. Automation Pull Request Don't be afraid to give up the good to go for the great.
The only way to do great work is to love what you do. Algorithm Version Control Cloud Success usually comes to those who are too busy to be looking for it. Docker Latency Optimization Kafka Load Testing API Gateway Content Delivery Network Python Lambda Functions Event Sourcing
Serverless CI/CD Event Sourcing Cache Invalidation Performance Multi-threading React Database Microservices Great things never come from comfort zones. UX Optimization Optimization WebSockets Opportunities don't happen. You create them.
Work hard in silence, let your success be your noise. Python Framework Big Data Kafka Monitoring Microservices Do what you love and the money will follow. Stay hungry, stay foolish. Dream big and dare to fail.
If you can dream it, you can do it. Event Sourcing Framework Distributed Systems Content Delivery Network JavaScript Cloud Testing Firewalls Database Automation Load Balancing Innovation distinguishes between a leader and a follower.
Predictive Analytics UX Optimization Event-driven Architecture Kafka Cache Invalidation Logging I find that the harder I work, the more luck I seem to have. JWT Dream big and dare to fail. DNS Routing Pull Request Replica Set
