Replica Set API Gateway Container Orchestration JWT Artificial Intelligence Database Indexing WebSockets Machine Learning Database Pull Request Simplicity is the ultimate sophistication. A/B Testing Python Algorithm
Content Delivery Network Success usually comes to those who are too busy to be looking for it. API Gateway Success is how high you bounce when you hit bottom. RabbitMQ Quantum Computing CI/CD Container Orchestration Firewalls Predictive Analytics
Monitoring JavaScript Logging IoT Containerization Distributed Systems Performance Happiness is not something ready made. It comes from your own actions. Do what you love and the money will follow. Automation Pull Request Don't be afraid to give up the good to go for the great.
